// !$*UTF8*$!
{
	archiveVersion = 1;
	classes = {
	};
	objectVersion = 56;
	objects = {

/* Begin PBXBuildFile section */
		980DCC322BB50DF6001FC0DE /* TCASampleAppApp.swift in Sources */ = {isa = PBXBuildFile; fileRef = 980DCC312BB50DF6001FC0DE /* TCASampleAppApp.swift */; };
		980DCC342BB50DF6001FC0DE /* ContentView.swift in Sources */ = {isa = PBXBuildFile; fileRef = 980DCC332BB50DF6001FC0DE /* ContentView.swift */; };
		980DCC362BB50DF7001FC0DE /* Assets.xcassets in Resources */ = {isa = PBXBuildFile; fileRef = 980DCC352BB50DF7001FC0DE /* Assets.xcassets */; };
		980DCC392BB50DF7001FC0DE /* Preview Assets.xcassets in Resources */ = {isa = PBXBuildFile; fileRef = 980DCC382BB50DF7001FC0DE /* Preview Assets.xcassets */; };
		980DCC402BB50F0E001FC0DE /* CounterFeature.swift in Sources */ = {isa = PBXBuildFile; fileRef = 980DCC3F2BB50F0E001FC0DE /* CounterFeature.swift */; };
		980DCC432BB50FAD001FC0DE /* ComposableArchitecture in Frameworks */ = {isa = PBXBuildFile; productRef = 980DCC422BB50FAD001FC0DE /* ComposableArchitecture */; };
		988A81AA2BB55BEC0057DB2F /* CounterView.swift in Sources */ = {isa = PBXBuildFile; fileRef = 988A81A92BB55BEC0057DB2F /* CounterView.swift */; };
		988A81AD2BBAA9150057DB2F /* AppView.swift in Sources */ = {isa = PBXBuildFile; fileRef = 988A81AC2BBAA9150057DB2F /* AppView.swift */; };
		988A81AF2BBAAA750057DB2F /* AppFeature.swift in Sources */ = {isa = PBXBuildFile; fileRef = 988A81AE2BBAAA750057DB2F /* AppFeature.swift */; };
		988A81B72BBACAB90057DB2F /* TCASampleAppTests.swift in Sources */ = {isa = PBXBuildFile; fileRef = 988A81B62BBACAB90057DB2F /* TCASampleAppTests.swift */; };
		988A81C02BBACBE00057DB2F /* AppFeatureTests.swift in Sources */ = {isa = PBXBuildFile; fileRef = 988A81BD2BBACAF50057DB2F /* AppFeatureTests.swift */; };
		988A81C12BBACBEF0057DB2F /* AppFeature.swift in Sources */ = {isa = PBXBuildFile; fileRef = 988A81AE2BBAAA750057DB2F /* AppFeature.swift */; };
		988A81C22BBACBF30057DB2F /* ContentView.swift in Sources */ = {isa = PBXBuildFile; fileRef = 980DCC332BB50DF6001FC0DE /* ContentView.swift */; };
		988A81C32BBACBF30057DB2F /* CounterFeature.swift in Sources */ = {isa = PBXBuildFile; fileRef = 980DCC3F2BB50F0E001FC0DE /* CounterFeature.swift */; };
		988A81C42BBACBF30057DB2F /* CounterView.swift in Sources */ = {isa = PBXBuildFile; fileRef = 988A81A92BB55BEC0057DB2F /* CounterView.swift */; };
		988A81C52BBACBF60057DB2F /* AppView.swift in Sources */ = {isa = PBXBuildFile; fileRef = 988A81AC2BBAA9150057DB2F /* AppView.swift */; };
		988A81C72BBACFBC0057DB2F /* CounterFeatureTests.swift in Sources */ = {isa = PBXBuildFile; fileRef = 988A81C62BBACFBC0057DB2F /* CounterFeatureTests.swift */; };
		988A81C92BBBA3B10057DB2F /* NumberFactClient.swift in Sources */ = {isa = PBXBuildFile; fileRef = 988A81C82BBBA3B10057DB2F /* NumberFactClient.swift */; };
		988A81CA2BBBA4FD0057DB2F /* NumberFactClient.swift in Sources */ = {isa = PBXBuildFile; fileRef = 988A81C82BBBA3B10057DB2F /* NumberFactClient.swift */; };
		988A81D22BBBD4510057DB2F /* TCAContactsApp.swift in Sources */ = {isa = PBXBuildFile; fileRef = 988A81D12BBBD4510057DB2F /* TCAContactsApp.swift */; };
		988A81D42BBBD4510057DB2F /* ContentView.swift in Sources */ = {isa = PBXBuildFile; fileRef = 988A81D32BBBD4510057DB2F /* ContentView.swift */; };
		988A81D62BBBD4530057DB2F /* Assets.xcassets in Resources */ = {isa = PBXBuildFile; fileRef = 988A81D52BBBD4530057DB2F /* Assets.xcassets */; };
		988A81D92BBBD4530057DB2F /* Preview Assets.xcassets in Resources */ = {isa = PBXBuildFile; fileRef = 988A81D82BBBD4530057DB2F /* Preview Assets.xcassets */; };
		988A81DE2BBBD4610057DB2F /* ContactsFeature.swift in Sources */ = {isa = PBXBuildFile; fileRef = 988A81DD2BBBD4610057DB2F /* ContactsFeature.swift */; };
		988A81E12BBBD6280057DB2F /* ComposableArchitecture in Frameworks */ = {isa = PBXBuildFile; productRef = 988A81E02BBBD6280057DB2F /* ComposableArchitecture */; };
		988A81E32BBBD6AC0057DB2F /* ContactsView.swift in Sources */ = {isa = PBXBuildFile; fileRef = 988A81E22BBBD6AC0057DB2F /* ContactsView.swift */; };
		988A81E52BBBDB470057DB2F /* AddContactFeature.swift in Sources */ = {isa = PBXBuildFile; fileRef = 988A81E42BBBDB470057DB2F /* AddContactFeature.swift */; };
/* End PBXBuildFile section */

/* Begin PBXContainerItemProxy section */
		988A81B82BBACAB90057DB2F /* PBXContainerItemProxy */ = {
			isa = PBXContainerItemProxy;
			containerPortal = 980DCC262BB50DF6001FC0DE /* Project object */;
			proxyType = 1;
			remoteGlobalIDString = 980DCC2D2BB50DF6001FC0DE;
			remoteInfo = TCASampleApp;
		};
/* End PBXContainerItemProxy section */

/* Begin PBXFileReference section */
		980DCC2E2BB50DF6001FC0DE /* TCASampleApp.app */ = {isa = PBXFileReference; explicitFileType = wrapper.application; includeInIndex = 0; path = TCASampleApp.app; sourceTree = BUILT_PRODUCTS_DIR; };
		980DCC312BB50DF6001FC0DE /* TCASampleAppApp.swift */ = {isa = PBXFileReference; lastKnownFileType = sourcecode.swift; path = TCASampleAppApp.swift; sourceTree = "<group>"; };
		980DCC332BB50DF6001FC0DE /* ContentView.swift */ = {isa = PBXFileReference; lastKnownFileType = sourcecode.swift; path = ContentView.swift; sourceTree = "<group>"; };
		980DCC352BB50DF7001FC0DE /* Assets.xcassets */ = {isa = PBXFileReference; lastKnownFileType = folder.assetcatalog; path = Assets.xcassets; sourceTree = "<group>"; };
		980DCC382BB50DF7001FC0DE /* Preview Assets.xcassets */ = {isa = PBXFileReference; lastKnownFileType = folder.assetcatalog; path = "Preview Assets.xcassets"; sourceTree = "<group>"; };
		980DCC3F2BB50F0E001FC0DE /* CounterFeature.swift */ = {isa = PBXFileReference; lastKnownFileType = sourcecode.swift; path = CounterFeature.swift; sourceTree = "<group>"; };
		988A81A92BB55BEC0057DB2F /* CounterView.swift */ = {isa = PBXFileReference; lastKnownFileType = sourcecode.swift; path = CounterView.swift; sourceTree = "<group>"; };
		988A81AB2BBA7C7F0057DB2F /* Info.plist */ = {isa = PBXFileReference; lastKnownFileType = text.plist; path = Info.plist; sourceTree = "<group>"; };
		988A81AC2BBAA9150057DB2F /* AppView.swift */ = {isa = PBXFileReference; lastKnownFileType = sourcecode.swift; path = AppView.swift; sourceTree = "<group>"; };
		988A81AE2BBAAA750057DB2F /* AppFeature.swift */ = {isa = PBXFileReference; lastKnownFileType = sourcecode.swift; path = AppFeature.swift; sourceTree = "<group>"; };
		988A81B42BBACAB90057DB2F /* TCASampleAppTests.xctest */ = {isa = PBXFileReference; explicitFileType = wrapper.cfbundle; includeInIndex = 0; path = TCASampleAppTests.xctest; sourceTree = BUILT_PRODUCTS_DIR; };
		988A81B62BBACAB90057DB2F /* TCASampleAppTests.swift */ = {isa = PBXFileReference; lastKnownFileType = sourcecode.swift; path = TCASampleAppTests.swift; sourceTree = "<group>"; };
		988A81BD2BBACAF50057DB2F /* AppFeatureTests.swift */ = {isa = PBXFileReference; lastKnownFileType = sourcecode.swift; path = AppFeatureTests.swift; sourceTree = "<group>"; };
		988A81C62BBACFBC0057DB2F /* CounterFeatureTests.swift */ = {isa = PBXFileReference; lastKnownFileType = sourcecode.swift; path = CounterFeatureTests.swift; sourceTree = "<group>"; };
		988A81C82BBBA3B10057DB2F /* NumberFactClient.swift */ = {isa = PBXFileReference; lastKnownFileType = sourcecode.swift; path = NumberFactClient.swift; sourceTree = "<group>"; };
		988A81CF2BBBD4510057DB2F /* TCAContacts.app */ = {isa = PBXFileReference; explicitFileType = wrapper.application; includeInIndex = 0; path = TCAContacts.app; sourceTree = BUILT_PRODUCTS_DIR; };
		988A81D12BBBD4510057DB2F /* TCAContactsApp.swift */ = {isa = PBXFileReference; lastKnownFileType = sourcecode.swift; path = TCAContactsApp.swift; sourceTree = "<group>"; };
		988A81D32BBBD4510057DB2F /* ContentView.swift */ = {isa = PBXFileReference; lastKnownFileType = sourcecode.swift; path = ContentView.swift; sourceTree = "<group>"; };
		988A81D52BBBD4530057DB2F /* Assets.xcassets */ = {isa = PBXFileReference; lastKnownFileType = folder.assetcatalog; path = Assets.xcassets; sourceTree = "<group>"; };
		988A81D82BBBD4530057DB2F /* Preview Assets.xcassets */ = {isa = PBXFileReference; lastKnownFileType = folder.assetcatalog; path = "Preview Assets.xcassets"; sourceTree = "<group>"; };
		988A81DD2BBBD4610057DB2F /* ContactsFeature.swift */ = {isa = PBXFileReference; lastKnownFileType = sourcecode.swift; path = ContactsFeature.swift; sourceTree = "<group>"; };
		988A81E22BBBD6AC0057DB2F /* ContactsView.swift */ = {isa = PBXFileReference; lastKnownFileType = sourcecode.swift; name = ContactsView.swift; path = ../ContactsView.swift; sourceTree = "<group>"; };
		988A81E42BBBDB470057DB2F /* AddContactFeature.swift */ = {isa = PBXFileReference; lastKnownFileType = sourcecode.swift; path = AddContactFeature.swift; sourceTree = "<group>"; };
/* End PBXFileReference section */

/* Begin PBXFrameworksBuildPhase section */
		980DCC2B2BB50DF6001FC0DE /* Frameworks */ = {
			isa = PBXFrameworksBuildPhase;
			buildActionMask = 2147483647;
			files = (
				980DCC432BB50FAD001FC0DE /* ComposableArchitecture in Frameworks */,
			);
			runOnlyForDeploymentPostprocessing = 0;
		};
		988A81B12BBACAB90057DB2F /* Frameworks */ = {
			isa = PBXFrameworksBuildPhase;
			buildActionMask = 2147483647;
			files = (
			);
			runOnlyForDeploymentPostprocessing = 0;
		};
		988A81CC2BBBD4510057DB2F /* Frameworks */ = {
			isa = PBXFrameworksBuildPhase;
			buildActionMask = 2147483647;
			files = (
				988A81E12BBBD6280057DB2F /* ComposableArchitecture in Frameworks */,
			);
			runOnlyForDeploymentPostprocessing = 0;
		};
/* End PBXFrameworksBuildPhase section */

/* Begin PBXGroup section */
		980DCC252BB50DF6001FC0DE = {
			isa = PBXGroup;
			children = (
				980DCC302BB50DF6001FC0DE /* TCASampleApp */,
				988A81B52BBACAB90057DB2F /* TCASampleAppTests */,
				988A81D02BBBD4510057DB2F /* TCAContacts */,
				980DCC2F2BB50DF6001FC0DE /* Products */,
				988A81DF2BBBD6280057DB2F /* Frameworks */,
			);
			sourceTree = "<group>";
		};
		980DCC2F2BB50DF6001FC0DE /* Products */ = {
			isa = PBXGroup;
			children = (
				980DCC2E2BB50DF6001FC0DE /* TCASampleApp.app */,
				988A81B42BBACAB90057DB2F /* TCASampleAppTests.xctest */,
				988A81CF2BBBD4510057DB2F /* TCAContacts.app */,
			);
			name = Products;
			sourceTree = "<group>";
		};
		980DCC302BB50DF6001FC0DE /* TCASampleApp */ = {
			isa = PBXGroup;
			children = (
				988A81AB2BBA7C7F0057DB2F /* Info.plist */,
				980DCC312BB50DF6001FC0DE /* TCASampleAppApp.swift */,
				988A81AC2BBAA9150057DB2F /* AppView.swift */,
				988A81AE2BBAAA750057DB2F /* AppFeature.swift */,
				980DCC332BB50DF6001FC0DE /* ContentView.swift */,
				980DCC3F2BB50F0E001FC0DE /* CounterFeature.swift */,
				988A81A92BB55BEC0057DB2F /* CounterView.swift */,
				988A81C82BBBA3B10057DB2F /* NumberFactClient.swift */,
				980DCC352BB50DF7001FC0DE /* Assets.xcassets */,
				980DCC372BB50DF7001FC0DE /* Preview Content */,
			);
			path = TCASampleApp;
			sourceTree = "<group>";
		};
		980DCC372BB50DF7001FC0DE /* Preview Content */ = {
			isa = PBXGroup;
			children = (
				980DCC382BB50DF7001FC0DE /* Preview Assets.xcassets */,
			);
			path = "Preview Content";
			sourceTree = "<group>";
		};
		988A81B52BBACAB90057DB2F /* TCASampleAppTests */ = {
			isa = PBXGroup;
			children = (
				988A81B62BBACAB90057DB2F /* TCASampleAppTests.swift */,
				988A81BD2BBACAF50057DB2F /* AppFeatureTests.swift */,
				988A81C62BBACFBC0057DB2F /* CounterFeatureTests.swift */,
			);
			path = TCASampleAppTests;
			sourceTree = "<group>";
		};
		988A81D02BBBD4510057DB2F /* TCAContacts */ = {
			isa = PBXGroup;
			children = (
				988A81D12BBBD4510057DB2F /* TCAContactsApp.swift */,
				988A81D32BBBD4510057DB2F /* ContentView.swift */,
				988A81D52BBBD4530057DB2F /* Assets.xcassets */,
				988A81D72BBBD4530057DB2F /* Preview Content */,
				988A81E22BBBD6AC0057DB2F /* ContactsView.swift */,
				988A81E42BBBDB470057DB2F /* AddContactFeature.swift */,
				988A81DD2BBBD4610057DB2F /* ContactsFeature.swift */,
			);
			path = TCAContacts;
			sourceTree = "<group>";
		};
		988A81D72BBBD4530057DB2F /* Preview Content */ = {
			isa = PBXGroup;
			children = (
				988A81D82BBBD4530057DB2F /* Preview Assets.xcassets */,
			);
			path = "Preview Content";
			sourceTree = "<group>";
		};
		988A81DF2BBBD6280057DB2F /* Frameworks */ = {
			isa = PBXGroup;
			children = (
			);
			name = Frameworks;
			sourceTree = "<group>";
		};
/* End PBXGroup section */

/* Begin PBXNativeTarget section */
		980DCC2D2BB50DF6001FC0DE /* TCASampleApp */ = {
			isa = PBXNativeTarget;
			buildConfigurationList = 980DCC3C2BB50DF7001FC0DE /* Build configuration list for PBXNativeTarget "TCASampleApp" */;
			buildPhases = (
				980DCC2A2BB50DF6001FC0DE /* Sources */,
				980DCC2B2BB50DF6001FC0DE /* Frameworks */,
				980DCC2C2BB50DF6001FC0DE /* Resources */,
			);
			buildRules = (
			);
			dependencies = (
			);
			name = TCASampleApp;
			packageProductDependencies = (
				980DCC422BB50FAD001FC0DE /* ComposableArchitecture */,
			);
			productName = TCASampleApp;
			productReference = 980DCC2E2BB50DF6001FC0DE /* TCASampleApp.app */;
			productType = "com.apple.product-type.application";
		};
		988A81B32BBACAB90057DB2F /* TCASampleAppTests */ = {
			isa = PBXNativeTarget;
			buildConfigurationList = 988A81BA2BBACAB90057DB2F /* Build configuration list for PBXNativeTarget "TCASampleAppTests" */;
			buildPhases = (
				988A81B02BBACAB90057DB2F /* Sources */,
				988A81B12BBACAB90057DB2F /* Frameworks */,
				988A81B22BBACAB90057DB2F /* Resources */,
			);
			buildRules = (
			);
			dependencies = (
				988A81B92BBACAB90057DB2F /* PBXTargetDependency */,
			);
			name = TCASampleAppTests;
			productName = TCASampleAppTests;
			productReference = 988A81B42BBACAB90057DB2F /* TCASampleAppTests.xctest */;
			productType = "com.apple.product-type.bundle.unit-test";
		};
		988A81CE2BBBD4510057DB2F /* TCAContacts */ = {
			isa = PBXNativeTarget;
			buildConfigurationList = 988A81DA2BBBD4530057DB2F /* Build configuration list for PBXNativeTarget "TCAContacts" */;
			buildPhases = (
				988A81CB2BBBD4510057DB2F /* Sources */,
				988A81CC2BBBD4510057DB2F /* Frameworks */,
				988A81CD2BBBD4510057DB2F /* Resources */,
			);
			buildRules = (
			);
			dependencies = (
			);
			name = TCAContacts;
			packageProductDependencies = (
				988A81E02BBBD6280057DB2F /* ComposableArchitecture */,
			);
			productName = TCAContacts;
			productReference = 988A81CF2BBBD4510057DB2F /* TCAContacts.app */;
			productType = "com.apple.product-type.application";
		};
/* End PBXNativeTarget section */

/* Begin PBXProject section */
		980DCC262BB50DF6001FC0DE /* Project object */ = {
			isa = PBXProject;
			attributes = {
				BuildIndependentTargetsInParallel = 1;
				LastSwiftUpdateCheck = 1500;
				LastUpgradeCheck = 1510;
				TargetAttributes = {
					980DCC2D2BB50DF6001FC0DE = {
						CreatedOnToolsVersion = 15.1;
					};
					988A81B32BBACAB90057DB2F = {
						CreatedOnToolsVersion = 15.0.1;
						TestTargetID = 980DCC2D2BB50DF6001FC0DE;
					};
					988A81CE2BBBD4510057DB2F = {
						CreatedOnToolsVersion = 15.0.1;
					};
				};
			};
			buildConfigurationList = 980DCC292BB50DF6001FC0DE /* Build configuration list for PBXProject "TCASampleApp" */;
			compatibilityVersion = "Xcode 14.0";
			developmentRegion = en;
			hasScannedForEncodings = 0;
			knownRegions = (
				en,
				Base,
			);
			mainGroup = 980DCC252BB50DF6001FC0DE;
			packageReferences = (
				980DCC412BB50FAD001FC0DE /* XCRemoteSwiftPackageReference "swift-composable-architecture" */,
			);
			productRefGroup = 980DCC2F2BB50DF6001FC0DE /* Products */;
			projectDirPath = "";
			projectRoot = "";
			targets = (
				980DCC2D2BB50DF6001FC0DE /* TCASampleApp */,
				988A81B32BBACAB90057DB2F /* TCASampleAppTests */,
				988A81CE2BBBD4510057DB2F /* TCAContacts */,
			);
		};
/* End PBXProject section */

/* Begin PBXResourcesBuildPhase section */
		980DCC2C2BB50DF6001FC0DE /* Resources */ = {
			isa = PBXResourcesBuildPhase;
			buildActionMask = 2147483647;
			files = (
				980DCC392BB50DF7001FC0DE /* Preview Assets.xcassets in Resources */,
				980DCC362BB50DF7001FC0DE /* Assets.xcassets in Resources */,
			);
			runOnlyForDeploymentPostprocessing = 0;
		};
		988A81B22BBACAB90057DB2F /* Resources */ = {
			isa = PBXResourcesBuildPhase;
			buildActionMask = 2147483647;
			files = (
			);
			runOnlyForDeploymentPostprocessing = 0;
		};
		988A81CD2BBBD4510057DB2F /* Resources */ = {
			isa = PBXResourcesBuildPhase;
			buildActionMask = 2147483647;
			files = (
				988A81D92BBBD4530057DB2F /* Preview Assets.xcassets in Resources */,
				988A81D62BBBD4530057DB2F /* Assets.xcassets in Resources */,
			);
			runOnlyForDeploymentPostprocessing = 0;
		};
/* End PBXResourcesBuildPhase section */

/* Begin PBXSourcesBuildPhase section */
		980DCC2A2BB50DF6001FC0DE /* Sources */ = {
			isa = PBXSourcesBuildPhase;
			buildActionMask = 2147483647;
			files = (
				988A81AF2BBAAA750057DB2F /* AppFeature.swift in Sources */,
				980DCC402BB50F0E001FC0DE /* CounterFeature.swift in Sources */,
				980DCC342BB50DF6001FC0DE /* ContentView.swift in Sources */,
				980DCC322BB50DF6001FC0DE /* TCASampleAppApp.swift in Sources */,
				988A81AD2BBAA9150057DB2F /* AppView.swift in Sources */,
				988A81AA2BB55BEC0057DB2F /* CounterView.swift in Sources */,
				988A81CA2BBBA4FD0057DB2F /* NumberFactClient.swift in Sources */,
			);
			runOnlyForDeploymentPostprocessing = 0;
		};
		988A81B02BBACAB90057DB2F /* Sources */ = {
			isa = PBXSourcesBuildPhase;
			buildActionMask = 2147483647;
			files = (
				988A81C12BBACBEF0057DB2F /* AppFeature.swift in Sources */,
				988A81C02BBACBE00057DB2F /* AppFeatureTests.swift in Sources */,
				988A81C22BBACBF30057DB2F /* ContentView.swift in Sources */,
				988A81C72BBACFBC0057DB2F /* CounterFeatureTests.swift in Sources */,
				988A81C52BBACBF60057DB2F /* AppView.swift in Sources */,
				988A81C32BBACBF30057DB2F /* CounterFeature.swift in Sources */,
				988A81C92BBBA3B10057DB2F /* NumberFactClient.swift in Sources */,
				988A81B72BBACAB90057DB2F /* TCASampleAppTests.swift in Sources */,
				988A81C42BBACBF30057DB2F /* CounterView.swift in Sources */,
			);
			runOnlyForDeploymentPostprocessing = 0;
		};
		988A81CB2BBBD4510057DB2F /* Sources */ = {
			isa = PBXSourcesBuildPhase;
			buildActionMask = 2147483647;
			files = (
				988A81D42BBBD4510057DB2F /* ContentView.swift in Sources */,
				988A81E52BBBDB470057DB2F /* AddContactFeature.swift in Sources */,
				988A81D22BBBD4510057DB2F /* TCAContactsApp.swift in Sources */,
				988A81DE2BBBD4610057DB2F /* ContactsFeature.swift in Sources */,
				988A81E32BBBD6AC0057DB2F /* ContactsView.swift in Sources */,
			);
			runOnlyForDeploymentPostprocessing = 0;
		};
/* End PBXSourcesBuildPhase section */

/* Begin PBXTargetDependency section */
		988A81B92BBACAB90057DB2F /* PBXTargetDependency */ = {
			isa = PBXTargetDependency;
			target = 980DCC2D2BB50DF6001FC0DE /* TCASampleApp */;
			targetProxy = 988A81B82BBACAB90057DB2F /* PBXContainerItemProxy */;
		};
/* End PBXTargetDependency section */

/* Begin XCBuildConfiguration section */
		980DCC3A2BB50DF7001FC0DE /* Debug */ = {
			isa = XCBuildConfiguration;
			buildSettings = {
				ALWAYS_SEARCH_USER_PATHS = NO;
				ASSETCATALOG_COMPILER_GENERATE_SWIFT_ASSET_SYMBOL_EXTENSIONS = YES;
				CLANG_ANALYZER_NONNULL = YES;
				CLANG_ANALYZER_NUMBER_OBJECT_CONVERSION = YES_AGGRESSIVE;
				CLANG_CXX_LANGUAGE_STANDARD = "gnu++20";
				CLANG_ENABLE_MODULES = YES;
				CLANG_ENABLE_OBJC_ARC = YES;
				CLANG_ENABLE_OBJC_WEAK = YES;
				CLANG_WARN_BLOCK_CAPTURE_AUTORELEASING = YES;
				CLANG_WARN_BOOL_CONVERSION = YES;
				CLANG_WARN_COMMA = YES;
				CLANG_WARN_CONSTANT_CONVERSION = YES;
				CLANG_WARN_DEPRECATED_OBJC_IMPLEMENTATIONS = YES;
				CLANG_WARN_DIRECT_OBJC_ISA_USAGE = YES_ERROR;
				CLANG_WARN_DOCUMENTATION_COMMENTS = YES;
				CLANG_WARN_EMPTY_BODY = YES;
				CLANG_WARN_ENUM_CONVERSION = YES;
				CLANG_WARN_INFINITE_RECURSION = YES;
				CLANG_WARN_INT_CONVERSION = YES;
				CLANG_WARN_NON_LITERAL_NULL_CONVERSION = YES;
				CLANG_WARN_OBJC_IMPLICIT_RETAIN_SELF = YES;
				CLANG_WARN_OBJC_LITERAL_CONVERSION = YES;
				CLANG_WARN_OBJC_ROOT_CLASS = YES_ERROR;
				CLANG_WARN_QUOTED_INCLUDE_IN_FRAMEWORK_HEADER = YES;
				CLANG_WARN_RANGE_LOOP_ANALYSIS = YES;
				CLANG_WARN_STRICT_PROTOTYPES = YES;
				CLANG_WARN_SUSPICIOUS_MOVE = YES;
				CLANG_WARN_UNGUARDED_AVAILABILITY = YES_AGGRESSIVE;
				CLANG_WARN_UNREACHABLE_CODE = YES;
				CLANG_WARN__DUPLICATE_METHOD_MATCH = YES;
				COPY_PHASE_STRIP = NO;
				DEBUG_INFORMATION_FORMAT = dwarf;
				ENABLE_STRICT_OBJC_MSGSEND = YES;
				ENABLE_TESTABILITY = YES;
				ENABLE_USER_SCRIPT_SANDBOXING = YES;
				GCC_C_LANGUAGE_STANDARD = gnu17;
				GCC_DYNAMIC_NO_PIC = NO;
				GCC_NO_COMMON_BLOCKS = YES;
				GCC_OPTIMIZATION_LEVEL = 0;
				GCC_PREPROCESSOR_DEFINITIONS = (
					"DEBUG=1",
					"$(inherited)",
				);
				GCC_WARN_64_TO_32_BIT_CONVERSION = YES;
				GCC_WARN_ABOUT_RETURN_TYPE = YES_ERROR;
				GCC_WARN_UNDECLARED_SELECTOR = YES;
				GCC_WARN_UNINITIALIZED_AUTOS = YES_AGGRESSIVE;
				GCC_WARN_UNUSED_FUNCTION = YES;
				GCC_WARN_UNUSED_VARIABLE = YES;
				IPHONEOS_DEPLOYMENT_TARGET = 16.0;
				LOCALIZATION_PREFERS_STRING_CATALOGS = YES;
				MTL_ENABLE_DEBUG_INFO = INCLUDE_SOURCE;
				MTL_FAST_MATH = YES;
				ONLY_ACTIVE_ARCH = YES;
				SDKROOT = iphoneos;
				SWIFT_ACTIVE_COMPILATION_CONDITIONS = "DEBUG $(inherited)";
				SWIFT_OPTIMIZATION_LEVEL = "-Onone";
			};
			name = Debug;
		};
		980DCC3B2BB50DF7001FC0DE /* Release */ = {
			isa = XCBuildConfiguration;
			buildSettings = {
				ALWAYS_SEARCH_USER_PATHS = NO;
				ASSETCATALOG_COMPILER_GENERATE_SWIFT_ASSET_SYMBOL_EXTENSIONS = YES;
				CLANG_ANALYZER_NONNULL = YES;
				CLANG_ANALYZER_NUMBER_OBJECT_CONVERSION = YES_AGGRESSIVE;
				CLANG_CXX_LANGUAGE_STANDARD = "gnu++20";
				CLANG_ENABLE_MODULES = YES;
				CLANG_ENABLE_OBJC_ARC = YES;
				CLANG_ENABLE_OBJC_WEAK = YES;
				CLANG_WARN_BLOCK_CAPTURE_AUTORELEASING = YES;
				CLANG_WARN_BOOL_CONVERSION = YES;
				CLANG_WARN_COMMA = YES;
				CLANG_WARN_CONSTANT_CONVERSION = YES;
				CLANG_WARN_DEPRECATED_OBJC_IMPLEMENTATIONS = YES;
				CLANG_WARN_DIRECT_OBJC_ISA_USAGE = YES_ERROR;
				CLANG_WARN_DOCUMENTATION_COMMENTS = YES;
				CLANG_WARN_EMPTY_BODY = YES;
				CLANG_WARN_ENUM_CONVERSION = YES;
				CLANG_WARN_INFINITE_RECURSION = YES;
				CLANG_WARN_INT_CONVERSION = YES;
				CLANG_WARN_NON_LITERAL_NULL_CONVERSION = YES;
				CLANG_WARN_OBJC_IMPLICIT_RETAIN_SELF = YES;
				CLANG_WARN_OBJC_LITERAL_CONVERSION = YES;
				CLANG_WARN_OBJC_ROOT_CLASS = YES_ERROR;
				CLANG_WARN_QUOTED_INCLUDE_IN_FRAMEWORK_HEADER = YES;
				CLANG_WARN_RANGE_LOOP_ANALYSIS = YES;
				CLANG_WARN_STRICT_PROTOTYPES = YES;
				CLANG_WARN_SUSPICIOUS_MOVE = YES;
				CLANG_WARN_UNGUARDED_AVAILABILITY = YES_AGGRESSIVE;
				CLANG_WARN_UNREACHABLE_CODE = YES;
				CLANG_WARN__DUPLICATE_METHOD_MATCH = YES;
				COPY_PHASE_STRIP = NO;
				DEBUG_INFORMATION_FORMAT = "dwarf-with-dsym";
				ENABLE_NS_ASSERTIONS = NO;
				ENABLE_STRICT_OBJC_MSGSEND = YES;
				ENABLE_USER_SCRIPT_SANDBOXING = YES;
				GCC_C_LANGUAGE_STANDARD = gnu17;
				GCC_NO_COMMON_BLOCKS = YES;
				GCC_WARN_64_TO_32_BIT_CONVERSION = YES;
				GCC_WARN_ABOUT_RETURN_TYPE = YES_ERROR;
				GCC_WARN_UNDECLARED_SELECTOR = YES;
				GCC_WARN_UNINITIALIZED_AUTOS = YES_AGGRESSIVE;
				GCC_WARN_UNUSED_FUNCTION = YES;
				GCC_WARN_UNUSED_VARIABLE = YES;
				IPHONEOS_DEPLOYMENT_TARGET = 16.0;
				LOCALIZATION_PREFERS_STRING_CATALOGS = YES;
				MTL_ENABLE_DEBUG_INFO = NO;
				MTL_FAST_MATH = YES;
				SDKROOT = iphoneos;
				SWIFT_COMPILATION_MODE = wholemodule;
				VALIDATE_PRODUCT = YES;
			};
			name = Release;
		};
		980DCC3D2BB50DF7001FC0DE /* Debug */ = {
			isa = XCBuildConfiguration;
			buildSettings = {
				ASSETCATALOG_COMPILER_APPICON_NAME = AppIcon;
				ASSETCATALOG_COMPILER_GLOBAL_ACCENT_COLOR_NAME = AccentColor;
				CODE_SIGN_STYLE = Automatic;
				CURRENT_PROJECT_VERSION = 1;
				DEVELOPMENT_ASSET_PATHS = "\"TCASampleApp/Preview Content\"";
				DEVELOPMENT_TEAM = 9TH57H8UP9;
				ENABLE_PREVIEWS = YES;
				GENERATE_INFOPLIST_FILE = YES;
				INFOPLIST_FILE = TCASampleApp/Info.plist;
				INFOPLIST_KEY_UIApplicationSceneManifest_Generation = YES;
				INFOPLIST_KEY_UIApplicationSupportsIndirectInputEvents = YES;
				INFOPLIST_KEY_UILaunchScreen_Generation = YES;
				INFOPLIST_KEY_UISupportedInterfaceOrientations_iPad = "UIInterfaceOrientationPortrait UIInterfaceOrientationPortraitUpsideDown UIInterfaceOrientationLandscapeLeft UIInterfaceOrientationLandscapeRight";
				INFOPLIST_KEY_UISupportedInterfaceOrientations_iPhone = "UIInterfaceOrientationPortrait UIInterfaceOrientationLandscapeLeft UIInterfaceOrientationLandscapeRight";
				LD_RUNPATH_SEARCH_PATHS = (
					"$(inherited)",
					"@executable_path/Frameworks",
				);
				MARKETING_VERSION = 1.0;
				PRODUCT_BUNDLE_IDENTIFIER = hekang.TCASampleApp;
				PRODUCT_NAME = "$(TARGET_NAME)";
				SWIFT_EMIT_LOC_STRINGS = YES;
				SWIFT_VERSION = 5.0;
				TARGETED_DEVICE_FAMILY = "1,2";
			};
			name = Debug;
		};
		980DCC3E2BB50DF7001FC0DE /* Release */ = {
			isa = XCBuildConfiguration;
			buildSettings = {
				ASSETCATALOG_COMPILER_APPICON_NAME = AppIcon;
				ASSETCATALOG_COMPILER_GLOBAL_ACCENT_COLOR_NAME = AccentColor;
				CODE_SIGN_STYLE = Automatic;
				CURRENT_PROJECT_VERSION = 1;
				DEVELOPMENT_ASSET_PATHS = "\"TCASampleApp/Preview Content\"";
				DEVELOPMENT_TEAM = 9TH57H8UP9;
				ENABLE_PREVIEWS = YES;
				GENERATE_INFOPLIST_FILE = YES;
				INFOPLIST_FILE = TCASampleApp/Info.plist;
				INFOPLIST_KEY_UIApplicationSceneManifest_Generation = YES;
				INFOPLIST_KEY_UIApplicationSupportsIndirectInputEvents = YES;
				INFOPLIST_KEY_UILaunchScreen_Generation = YES;
				INFOPLIST_KEY_UISupportedInterfaceOrientations_iPad = "UIInterfaceOrientationPortrait UIInterfaceOrientationPortraitUpsideDown UIInterfaceOrientationLandscapeLeft UIInterfaceOrientationLandscapeRight";
				INFOPLIST_KEY_UISupportedInterfaceOrientations_iPhone = "UIInterfaceOrientationPortrait UIInterfaceOrientationLandscapeLeft UIInterfaceOrientationLandscapeRight";
				LD_RUNPATH_SEARCH_PATHS = (
					"$(inherited)",
					"@executable_path/Frameworks",
				);
				MARKETING_VERSION = 1.0;
				PRODUCT_BUNDLE_IDENTIFIER = hekang.TCASampleApp;
				PRODUCT_NAME = "$(TARGET_NAME)";
				SWIFT_EMIT_LOC_STRINGS = YES;
				SWIFT_VERSION = 5.0;
				TARGETED_DEVICE_FAMILY = "1,2";
			};
			name = Release;
		};
		988A81BB2BBACAB90057DB2F /* Debug */ = {
			isa = XCBuildConfiguration;
			buildSettings = {
				BUNDLE_LOADER = "$(TEST_HOST)";
				CODE_SIGN_STYLE = Automatic;
				CURRENT_PROJECT_VERSION = 1;
				DEVELOPMENT_TEAM = 9TH57H8UP9;
				GENERATE_INFOPLIST_FILE = YES;
				IPHONEOS_DEPLOYMENT_TARGET = 17.0;
				MARKETING_VERSION = 1.0;
				PRODUCT_BUNDLE_IDENTIFIER = hekang.TCASampleAppTests;
				PRODUCT_NAME = "$(TARGET_NAME)";
				SWIFT_EMIT_LOC_STRINGS = NO;
				SWIFT_VERSION = 5.0;
				TARGETED_DEVICE_FAMILY = "1,2";
				TEST_HOST = "$(BUILT_PRODUCTS_DIR)/TCASampleApp.app/$(BUNDLE_EXECUTABLE_FOLDER_PATH)/TCASampleApp";
			};
			name = Debug;
		};
		988A81BC2BBACAB90057DB2F /* Release */ = {
			isa = XCBuildConfiguration;
			buildSettings = {
				BUNDLE_LOADER = "$(TEST_HOST)";
				CODE_SIGN_STYLE = Automatic;
				CURRENT_PROJECT_VERSION = 1;
				DEVELOPMENT_TEAM = 9TH57H8UP9;
				GENERATE_INFOPLIST_FILE = YES;
				IPHONEOS_DEPLOYMENT_TARGET = 17.0;
				MARKETING_VERSION = 1.0;
				PRODUCT_BUNDLE_IDENTIFIER = hekang.TCASampleAppTests;
				PRODUCT_NAME = "$(TARGET_NAME)";
				SWIFT_EMIT_LOC_STRINGS = NO;
				SWIFT_VERSION = 5.0;
				TARGETED_DEVICE_FAMILY = "1,2";
				TEST_HOST = "$(BUILT_PRODUCTS_DIR)/TCASampleApp.app/$(BUNDLE_EXECUTABLE_FOLDER_PATH)/TCASampleApp";
			};
			name = Release;
		};
		988A81DB2BBBD4530057DB2F /* Debug */ = {
			isa = XCBuildConfiguration;
			buildSettings = {
				ASSETCATALOG_COMPILER_APPICON_NAME = AppIcon;
				ASSETCATALOG_COMPILER_GLOBAL_ACCENT_COLOR_NAME = AccentColor;
				CODE_SIGN_STYLE = Automatic;
				CURRENT_PROJECT_VERSION = 1;
				DEVELOPMENT_ASSET_PATHS = "\"TCAContacts/Preview Content\"";
				DEVELOPMENT_TEAM = 9TH57H8UP9;
				ENABLE_PREVIEWS = YES;
				GENERATE_INFOPLIST_FILE = YES;
				INFOPLIST_KEY_UIApplicationSceneManifest_Generation = YES;
				INFOPLIST_KEY_UIApplicationSupportsIndirectInputEvents = YES;
				INFOPLIST_KEY_UILaunchScreen_Generation = YES;
				INFOPLIST_KEY_UISupportedInterfaceOrientations_iPad = "UIInterfaceOrientationPortrait UIInterfaceOrientationPortraitUpsideDown UIInterfaceOrientationLandscapeLeft UIInterfaceOrientationLandscapeRight";
				INFOPLIST_KEY_UISupportedInterfaceOrientations_iPhone = "UIInterfaceOrientationPortrait UIInterfaceOrientationLandscapeLeft UIInterfaceOrientationLandscapeRight";
				IPHONEOS_DEPLOYMENT_TARGET = 17.0;
				LD_RUNPATH_SEARCH_PATHS = (
					"$(inherited)",
					"@executable_path/Frameworks",
				);
				MARKETING_VERSION = 1.0;
				PRODUCT_BUNDLE_IDENTIFIER = hekang.TCAContacts;
				PRODUCT_NAME = "$(TARGET_NAME)";
				SWIFT_EMIT_LOC_STRINGS = YES;
				SWIFT_VERSION = 5.0;
				TARGETED_DEVICE_FAMILY = "1,2";
			};
			name = Debug;
		};
		988A81DC2BBBD4530057DB2F /* Release */ = {
			isa = XCBuildConfiguration;
			buildSettings = {
				ASSETCATALOG_COMPILER_APPICON_NAME = AppIcon;
				ASSETCATALOG_COMPILER_GLOBAL_ACCENT_COLOR_NAME = AccentColor;
				CODE_SIGN_STYLE = Automatic;
				CURRENT_PROJECT_VERSION = 1;
				DEVELOPMENT_ASSET_PATHS = "\"TCAContacts/Preview Content\"";
				DEVELOPMENT_TEAM = 9TH57H8UP9;
				ENABLE_PREVIEWS = YES;
				GENERATE_INFOPLIST_FILE = YES;
				INFOPLIST_KEY_UIApplicationSceneManifest_Generation = YES;
				INFOPLIST_KEY_UIApplicationSupportsIndirectInputEvents = YES;
				INFOPLIST_KEY_UILaunchScreen_Generation = YES;
				INFOPLIST_KEY_UISupportedInterfaceOrientations_iPad = "UIInterfaceOrientationPortrait UIInterfaceOrientationPortraitUpsideDown UIInterfaceOrientationLandscapeLeft UIInterfaceOrientationLandscapeRight";
				INFOPLIST_KEY_UISupportedInterfaceOrientations_iPhone = "UIInterfaceOrientationPortrait UIInterfaceOrientationLandscapeLeft UIInterfaceOrientationLandscapeRight";
				IPHONEOS_DEPLOYMENT_TARGET = 17.0;
				LD_RUNPATH_SEARCH_PATHS = (
					"$(inherited)",
					"@executable_path/Frameworks",
				);
				MARKETING_VERSION = 1.0;
				PRODUCT_BUNDLE_IDENTIFIER = hekang.TCAContacts;
				PRODUCT_NAME = "$(TARGET_NAME)";
				SWIFT_EMIT_LOC_STRINGS = YES;
				SWIFT_VERSION = 5.0;
				TARGETED_DEVICE_FAMILY = "1,2";
			};
			name = Release;
		};
/* End XCBuildConfiguration section */

/* Begin XCConfigurationList section */
		980DCC292BB50DF6001FC0DE /* Build configuration list for PBXProject "TCASampleApp" */ = {
			isa = XCConfigurationList;
			buildConfigurations = (
				980DCC3A2BB50DF7001FC0DE /* Debug */,
				980DCC3B2BB50DF7001FC0DE /* Release */,
			);
			defaultConfigurationIsVisible = 0;
			defaultConfigurationName = Release;
		};
		980DCC3C2BB50DF7001FC0DE /* Build configuration list for PBXNativeTarget "TCASampleApp" */ = {
			isa = XCConfigurationList;
			buildConfigurations = (
				980DCC3D2BB50DF7001FC0DE /* Debug */,
				980DCC3E2BB50DF7001FC0DE /* Release */,
			);
			defaultConfigurationIsVisible = 0;
			defaultConfigurationName = Release;
		};
		988A81BA2BBACAB90057DB2F /* Build configuration list for PBXNativeTarget "TCASampleAppTests" */ = {
			isa = XCConfigurationList;
			buildConfigurations = (
				988A81BB2BBACAB90057DB2F /* Debug */,
				988A81BC2BBACAB90057DB2F /* Release */,
			);
			defaultConfigurationIsVisible = 0;
			defaultConfigurationName = Release;
		};
		988A81DA2BBBD4530057DB2F /* Build configuration list for PBXNativeTarget "TCAContacts" */ = {
			isa = XCConfigurationList;
			buildConfigurations = (
				988A81DB2BBBD4530057DB2F /* Debug */,
				988A81DC2BBBD4530057DB2F /* Release */,
			);
			defaultConfigurationIsVisible = 0;
			defaultConfigurationName = Release;
		};
/* End XCConfigurationList section */

/* Begin XCRemoteSwiftPackageReference section */
		980DCC412BB50FAD001FC0DE /* XCRemoteSwiftPackageReference "swift-composable-architecture" */ = {
			isa = XCRemoteSwiftPackageReference;
			repositoryURL = "https://github.com/pointfreeco/swift-composable-architecture.git";
			requirement = {
				kind = upToNextMajorVersion;
				minimumVersion = 1.9.2;
			};
		};
/* End XCRemoteSwiftPackageReference section */

/* Begin XCSwiftPackageProductDependency section */
		980DCC422BB50FAD001FC0DE /* ComposableArchitecture */ = {
			isa = XCSwiftPackageProductDependency;
			package = 980DCC412BB50FAD001FC0DE /* XCRemoteSwiftPackageReference "swift-composable-architecture" */;
			productName = ComposableArchitecture;
		};
		988A81E02BBBD6280057DB2F /* ComposableArchitecture */ = {
			isa = XCSwiftPackageProductDependency;
			package = 980DCC412BB50FAD001FC0DE /* XCRemoteSwiftPackageReference "swift-composable-architecture" */;
			productName = ComposableArchitecture;
		};
/* End XCSwiftPackageProductDependency section */
	};
	rootObject = 980DCC262BB50DF6001FC0DE /* Project object */;
}
